
Microsoft Visual Studio Solution File, Format Version 12.00
# Visual Studio Version 16
VisualStudioVersion = 16.0.31321.278
MinimumVisualStudioVersion = 10.0.40219.1
Project("{9A19103F-16F7-4668-BE54-9A1E7A4F7556}") = "TestProject1", "TestProject1\TestProject1.csproj", "{2112CD19-E1AF-4154-84B1-3434E7BCD84C}"
EndProject
Project("{9A19103F-16F7-4668-BE54-9A1E7A4F7556}") = "ContactManagement", "ClassLibrary1\ContactManagement.csproj", "{0B6369ED-B13F-49BB-A973-B9D95CF86865}"
EndProject
Global
	GlobalSection(SolutionConfigurationPlatforms) = preSolution
		Debug|Any CPU = Debug|Any CPU
		Release|Any CPU = Release|Any CPU
	EndGlobalSection
	GlobalSection(ProjectConfigurationPlatforms) = postSolution
		{2112CD19-E1AF-4154-84B1-3434E7BCD84C}.Debug|Any CPU.ActiveCfg = Debug|Any CPU
		{2112CD19-E1AF-4154-84B1-3434E7BCD84C}.Debug|Any CPU.Build.0 = Debug|Any CPU
		{2112CD19-E1AF-4154-84B1-3434E7BCD84C}.Release|Any CPU.ActiveCfg = Release|Any CPU
		{2112CD19-E1AF-4154-84B1-3434E7BCD84C}.Release|Any CPU.Build.0 = Release|Any CPU
		{0B6369ED-B13F-49BB-A973-B9D95CF86865}.Debug|Any CPU.ActiveCfg = Debug|Any CPU
		{0B6369ED-B13F-49BB-A973-B9D95CF86865}.Debug|Any CPU.Build.0 = Debug|Any CPU
		{0B6369ED-B13F-49BB-A973-B9D95CF86865}.Release|Any CPU.ActiveCfg = Release|Any CPU
		{0B6369ED-B13F-49BB-A973-B9D95CF86865}.Release|Any CPU.Build.0 = Release|Any CPU
	EndGlobalSection
	GlobalSection(SolutionProperties) = preSolution
		HideSolutionNode = FALSE
	EndGlobalSection
	GlobalSection(ExtensibilityGlobals) = postSolution
		SolutionGuid = {483340C8-DCA9-49E0-B83F-B1CDE3B6A418}
	EndGlobalSection
EndGlobal
